
Microsoft Visual Studio Solution File, Format Version 12.00
# Visual Studio Version 17
VisualStudioVersion = 17.0.31919.166
MinimumVisualStudioVersion = 10.0.40219.1
Project("{9A19103F-16F7-4668-BE54-9A1E7A4F7556}") = "tiantang-auto-harvest", "tiantang-auto-harvest\tiantang-auto-harvest.csproj", "{1F80214B-BF54-40CA-B5A2-C958FCDAB4B3}"
EndProject
Global
	GlobalSection(SolutionConfigurationPlatforms) = preSolution
		Debug|Any CPU = Debug|Any CPU
		Release|Any CPU = Release|Any CPU
	EndGlobalSection
	GlobalSection(ProjectConfigurationPlatforms) = postSolution
		{1F80214B-BF54-40CA-B5A2-C958FCDAB4B3}.Debug|Any CPU.ActiveCfg = Debug|Any CPU
		{1F80214B-BF54-40CA-B5A2-C958FCDAB4B3}.Debug|Any CPU.Build.0 = Debug|Any CPU
		{1F80214B-BF54-40CA-B5A2-C958FCDAB4B3}.Release|Any CPU.ActiveCfg = Release|Any CPU
		{1F80214B-BF54-40CA-B5A2-C958FCDAB4B3}.Release|Any CPU.Build.0 = Release|Any CPU
	EndGlobalSection
	GlobalSection(SolutionProperties) = preSolution
		HideSolutionNode = FALSE
	EndGlobalSection
	GlobalSection(ExtensibilityGlobals) = postSolution
		SolutionGuid = {34F8D701-3AE3-47F9-B504-1A87EC07DB2D}
	EndGlobalSection
EndGlobal
